// !$*UTF8*$!
{
	archiveVersion = 1;
	classes = {
	};
	objectVersion = 46;
	objects = {

/* Begin PBXBuildFile section */
		D50219511DCD39FA00408ADC /* DocumentDescriptor.swift in Sources */ = {isa = PBXBuildFile; fileRef = D50219501DCD39FA00408ADC /* DocumentDescriptor.swift */; };
		D50219531DCD3A1D00408ADC /* IndexValueType.swift in Sources */ = {isa = PBXBuildFile; fileRef = D50219521DCD3A1D00408ADC /* IndexValueType.swift */; };
		D5160E691DD78EB5006C8177 /* CoreDataTransaction.swift in Sources */ = {isa = PBXBuildFile; fileRef = D5160E681DD78EB5006C8177 /* CoreDataTransaction.swift */; };
		D5160E6D1DD792E0006C8177 /* ReadableTransaction.swift in Sources */ = {isa = PBXBuildFile; fileRef = D5160E6C1DD792E0006C8177 /* ReadableTransaction.swift */; };
		D5160E6F1DD7935F006C8177 /* ReadWritableTransaction.swift in Sources */ = {isa = PBXBuildFile; fileRef = D5160E6E1DD7935F006C8177 /* ReadWritableTransaction.swift */; };
		D51711D11DD888B4002B676A /* ExpressionTests.swift in Sources */ = {isa = PBXBuildFile; fileRef = D51711D01DD888B4002B676A /* ExpressionTests.swift */; };
		D51711D31DD8A67E002B676A /* PredicateTests.swift in Sources */ = {isa = PBXBuildFile; fileRef = D51711D21DD8A67E002B676A /* PredicateTests.swift */; };
		D51711D51DD8AD23002B676A /* SortDescriptorTests.swift in Sources */ = {isa = PBXBuildFile; fileRef = D51711D41DD8AD23002B676A /* SortDescriptorTests.swift */; };
		D51711D81DD8B1C1002B676A /* DocumentStoreTests.swift in Sources */ = {isa = PBXBuildFile; fileRef = D51711D71DD8B1C1002B676A /* DocumentStoreTests.swift */; };
		D51711DA1DD8B55B002B676A /* DocumentStoreErrorTests.swift in Sources */ = {isa = PBXBuildFile; fileRef = D51711D91DD8B55B002B676A /* DocumentStoreErrorTests.swift */; };
		D51711DD1DD8F7DB002B676A /* Query+NSFetchRequestTests.swift in Sources */ = {isa = PBXBuildFile; fileRef = D51711DC1DD8F7DB002B676A /* Query+NSFetchRequestTests.swift */; };
		D51711E31DD990D7002B676A /* ReadTransactionTests.swift in Sources */ = {isa = PBXBuildFile; fileRef = D51711E21DD990D7002B676A /* ReadTransactionTests.swift */; };
		D51711E51DD9934D002B676A /* ReadWriteTransactionTests.swift in Sources */ = {isa = PBXBuildFile; fileRef = D51711E41DD9934D002B676A /* ReadWriteTransactionTests.swift */; };
		D51711E71DD99BB9002B676A /* CoreDataTransactionTests.swift in Sources */ = {isa = PBXBuildFile; fileRef = D51711E61DD99BB9002B676A /* CoreDataTransactionTests.swift */; };
		D51711EA1DD99C8B002B676A /* LoggerTests.swift in Sources */ = {isa = PBXBuildFile; fileRef = D51711E91DD99C8B002B676A /* LoggerTests.swift */; };
		D54B9CB61DD0EA5600F7DA25 /* NoLogger.swift in Sources */ = {isa = PBXBuildFile; fileRef = D54B9CB51DD0EA5600F7DA25 /* NoLogger.swift */; };
		D54B9CB81DD0EA8700F7DA25 /* LogLevel.swift in Sources */ = {isa = PBXBuildFile; fileRef = D54B9CB71DD0EA8700F7DA25 /* LogLevel.swift */; };
		D54B9CBA1DD0EB5100F7DA25 /* ValidatableTests.swift in Sources */ = {isa = PBXBuildFile; fileRef = D54B9CB91DD0EB5100F7DA25 /* ValidatableTests.swift */; };
		D54B9CC11DD1064700F7DA25 /* DocumentDescriptorTests.swift in Sources */ = {isa = PBXBuildFile; fileRef = D54B9CC01DD1064700F7DA25 /* DocumentDescriptorTests.swift */; };
		D54B9CC51DD10D6700F7DA25 /* Sequence+DuplicatesTests.swift in Sources */ = {isa = PBXBuildFile; fileRef = D54B9CC41DD10D6700F7DA25 /* Sequence+DuplicatesTests.swift */; };
		D54B9CCC1DD118C500F7DA25 /* MockLogger.swift in Sources */ = {isa = PBXBuildFile; fileRef = D54B9CCB1DD118C500F7DA25 /* MockLogger.swift */; };
		D54B9CCF1DD1244E00F7DA25 /* IndexTests.swift in Sources */ = {isa = PBXBuildFile; fileRef = D54B9CCE1DD1244E00F7DA25 /* IndexTests.swift */; };
		D54B9CD11DD1264100F7DA25 /* StorableValueTests.swift in Sources */ = {isa = PBXBuildFile; fileRef = D54B9CD01DD1264100F7DA25 /* StorableValueTests.swift */; };
		D54B9CD31DD1270000F7DA25 /* StorageTypeTests.swift in Sources */ = {isa = PBXBuildFile; fileRef = D54B9CD21DD1270000F7DA25 /* StorageTypeTests.swift */; };
		D565A1211DD74350000FB0C8 /* Query.swift in Sources */ = {isa = PBXBuildFile; fileRef = D565A1201DD74350000FB0C8 /* Query.swift */; };
		D565A1231DD74593000FB0C8 /* QueryTests.swift in Sources */ = {isa = PBXBuildFile; fileRef = D565A1221DD74593000FB0C8 /* QueryTests.swift */; };
		D565A12B1DD75B8D000FB0C8 /* ReadTransaction.swift in Sources */ = {isa = PBXBuildFile; fileRef = D565A12A1DD75B8D000FB0C8 /* ReadTransaction.swift */; };
		D57200041DE1BD8400C5E585 /* Exception.h in Headers */ = {isa = PBXBuildFile; fileRef = D57200021DE1BD8400C5E585 /* Exception.h */; };
		D57200051DE1BD8400C5E585 /* Exception.m in Sources */ = {isa = PBXBuildFile; fileRef = D57200031DE1BD8400C5E585 /* Exception.m */; };
		D57200071DE1BDF500C5E585 /* ExceptionHandler.swift in Sources */ = {isa = PBXBuildFile; fileRef = D57200061DE1BDF500C5E585 /* ExceptionHandler.swift */; };
		D572000E1DE2251A00C5E585 /* ExceptionTests.swift in Sources */ = {isa = PBXBuildFile; fileRef = D572000D1DE2251A00C5E585 /* ExceptionTests.swift */; };
		D57200101DE2264200C5E585 /* ExceptionHandlerTests.swift in Sources */ = {isa = PBXBuildFile; fileRef = D572000F1DE2264200C5E585 /* ExceptionHandlerTests.swift */; };
		D57200121DE4E2DB00C5E585 /* MockTransaction.swift in Sources */ = {isa = PBXBuildFile; fileRef = D57200111DE4E2DB00C5E585 /* MockTransaction.swift */; };
		D57200141DE77ED400C5E585 /* Storable.swift in Sources */ = {isa = PBXBuildFile; fileRef = D57200131DE77ED400C5E585 /* Storable.swift */; };
		D57200161DE7825800C5E585 /* LogicalPredicateOperator.swift in Sources */ = {isa = PBXBuildFile; fileRef = D57200151DE7825800C5E585 /* LogicalPredicateOperator.swift */; };
		D57200181DE7826900C5E585 /* ExpressionComparisonOperator.swift in Sources */ = {isa = PBXBuildFile; fileRef = D57200171DE7826900C5E585 /* ExpressionComparisonOperator.swift */; };
		D572001C1DE7871200C5E585 /* StorageInformation.swift in Sources */ = {isa = PBXBuildFile; fileRef = D572001B1DE7871200C5E585 /* StorageInformation.swift */; };
		D572001E1DEB469500C5E585 /* MockDocument.swift in Sources */ = {isa = PBXBuildFile; fileRef = D572001D1DEB469500C5E585 /* MockDocument.swift */; };
		D5796CA01DDF8E34007BCFC2 /* NSPersistentContainerFactoryTests.swift in Sources */ = {isa = PBXBuildFile; fileRef = D5796C9F1DDF8E34007BCFC2 /* NSPersistentContainerFactoryTests.swift */; };
		D5796CA31DDF8F28007BCFC2 /* CoreDataTransactionFactoryTests.swift in Sources */ = {isa = PBXBuildFile; fileRef = D5796CA21DDF8F28007BCFC2 /* CoreDataTransactionFactoryTests.swift */; };
		D59047FB1DCBA44E000F2517 /* DocumentStore.swift in Sources */ = {isa = PBXBuildFile; fileRef = D59047FA1DCBA44E000F2517 /* DocumentStore.swift */; };
		D59047FF1DCBD139000F2517 /* Document.swift in Sources */ = {isa = PBXBuildFile; fileRef = D59047FE1DCBD139000F2517 /* Document.swift */; };
		D59048011DCBD9F8000F2517 /* Index.swift in Sources */ = {isa = PBXBuildFile; fileRef = D59048001DCBD9F8000F2517 /* Index.swift */; };
		D5DE293C1DDDB4C000F764A4 /* PersistentContainerFactory.swift in Sources */ = {isa = PBXBuildFile; fileRef = D5DE293B1DDDB4C000F764A4 /* PersistentContainerFactory.swift */; };
		D5DE293E1DDDB4CA00F764A4 /* NSPersistentContainerFactory.swift in Sources */ = {isa = PBXBuildFile; fileRef = D5DE293D1DDDB4CA00F764A4 /* NSPersistentContainerFactory.swift */; };
		D5F593C41DC9C6F2005B214D /* DocumentStore.framework in Frameworks */ = {isa = PBXBuildFile; fileRef = D5F593BA1DC9C6F2005B214D /* DocumentStore.framework */; };
		D5F593C91DC9C6F2005B214D /* DocumentStoreTestsOld.swift in Sources */ = {isa = PBXBuildFile; fileRef = D5F593C81DC9C6F2005B214D /* DocumentStoreTestsOld.swift */; };
		D5F593CB1DC9C6F2005B214D /* DocumentStore.h in Headers */ = {isa = PBXBuildFile; fileRef = D5F593BD1DC9C6F2005B214D /* DocumentStore.h */; settings = {ATTRIBUTES = (Public, ); }; };
		D5F790471DDC3ACC005D8A70 /* DocumentDeserializationErrorTests.swift in Sources */ = {isa = PBXBuildFile; fileRef = D5F790461DDC3ACC005D8A70 /* DocumentDeserializationErrorTests.swift */; };
		D5F7904A1DDCC906005D8A70 /* TransactionFactory.swift in Sources */ = {isa = PBXBuildFile; fileRef = D5F790491DDCC906005D8A70 /* TransactionFactory.swift */; };
		D5F7904C1DDCC916005D8A70 /* CoreDataTransactionFactory.swift in Sources */ = {isa = PBXBuildFile; fileRef = D5F7904B1DDCC916005D8A70 /* CoreDataTransactionFactory.swift */; };
		D5F7904E1DDCC979005D8A70 /* DependencyContainer.swift in Sources */ = {isa = PBXBuildFile; fileRef = D5F7904D1DDCC979005D8A70 /* DependencyContainer.swift */; };
		D5F790501DDCC9F2005D8A70 /* ManagedObjectModelService.swift in Sources */ = {isa = PBXBuildFile; fileRef = D5F7904F1DDCC9F2005D8A70 /* ManagedObjectModelService.swift */; };
		D5F790521DDCCC2B005D8A70 /* ManagedObjectModelServiceTests.swift in Sources */ = {isa = PBXBuildFile; fileRef = D5F790511DDCCC2B005D8A70 /* ManagedObjectModelServiceTests.swift */; };
		D5F790541DDCE1ED005D8A70 /* ValidatedDocumentDescriptors.swift in Sources */ = {isa = PBXBuildFile; fileRef = D5F790531DDCE1ED005D8A70 /* ValidatedDocumentDescriptors.swift */; };
		D5FCEF2C1DCDCF0A0028364C /* Logger.swift in Sources */ = {isa = PBXBuildFile; fileRef = D5FCEF2B1DCDCF0A0028364C /* Logger.swift */; };
		D5FCEF301DCDF9230028364C /* Predicate.swift in Sources */ = {isa = PBXBuildFile; fileRef = D5FCEF2F1DCDF9230028364C /* Predicate.swift */; };
		D5FCEF321DCE01B80028364C /* Expression.swift in Sources */ = {isa = PBXBuildFile; fileRef = D5FCEF311DCE01B80028364C /* Expression.swift */; };
		D5FCEF341DCE18360028364C /* SortDescriptor.swift in Sources */ = {isa = PBXBuildFile; fileRef = D5FCEF331DCE18360028364C /* SortDescriptor.swift */; };
		D5FCEF401DCFC21A0028364C /* Validatable.swift in Sources */ = {isa = PBXBuildFile; fileRef = D5FCEF3F1DCFC21A0028364C /* Validatable.swift */; };
		D5FCEF421DCFC7C20028364C /* Sequence+Duplicates.swift in Sources */ = {isa = PBXBuildFile; fileRef = D5FCEF411DCFC7C20028364C /* Sequence+Duplicates.swift */; };
		D5FCEF441DD05E4D0028364C /* Constants.swift in Sources */ = {isa = PBXBuildFile; fileRef = D5FCEF431DD05E4D0028364C /* Constants.swift */; };
		D5FCEF461DD062CE0028364C /* ConstantsTests.swift in Sources */ = {isa = PBXBuildFile; fileRef = D5FCEF451DD062CE0028364C /* ConstantsTests.swift */; };
		D5FCEF481DD064640028364C /* DocumentStoreError.swift in Sources */ = {isa = PBXBuildFile; fileRef = D5FCEF471DD064640028364C /* DocumentStoreError.swift */; };
		D5FCEF4D1DD0650F0028364C /* DocumentDeserializationError.swift in Sources */ = {isa = PBXBuildFile; fileRef = D5FCEF4C1DD0650F0028364C /* DocumentDeserializationError.swift */; };
		D5FCEF501DD065560028364C /* CommitAction.swift in Sources */ = {isa = PBXBuildFile; fileRef = D5FCEF4F1DD065560028364C /* CommitAction.swift */; };
		D5FCEF521DD065770028364C /* TransactionError.swift in Sources */ = {isa = PBXBuildFile; fileRef = D5FCEF511DD065770028364C /* TransactionError.swift */; };
		D5FCEF541DD065980028364C /* TransactionResult.swift in Sources */ = {isa = PBXBuildFile; fileRef = D5FCEF531DD065980028364C /* TransactionResult.swift */; };
		D5FCEF561DD065B00028364C /* ReadWriteTransaction.swift in Sources */ = {isa = PBXBuildFile; fileRef = D5FCEF551DD065B00028364C /* ReadWriteTransaction.swift */; };
		D5FCEF581DD068020028364C /* Query+NSFetchRequest.swift in Sources */ = {isa = PBXBuildFile; fileRef = D5FCEF571DD068020028364C /* Query+NSFetchRequest.swift */; };
		D5FCEF5A1DD06EFE0028364C /* IndexStorageType.swift in Sources */ = {isa = PBXBuildFile; fileRef = D5FCEF591DD06EFE0028364C /* IndexStorageType.swift */; };
/* End PBXBuildFile section */

/* Begin PBXContainerItemProxy section */
		D5F593C51DC9C6F2005B214D /* PBXContainerItemProxy */ = {
			isa = PBXContainerItemProxy;
			containerPortal = D5F593B11DC9C6F2005B214D /* Project object */;
			proxyType = 1;
			remoteGlobalIDString = D5F593B91DC9C6F2005B214D;
			remoteInfo = DocumentStore;
		};
/* End PBXContainerItemProxy section */

/* Begin PBXFileReference section */
		D50219501DCD39FA00408ADC /* DocumentDescriptor.swift */ = {isa = PBXFileReference; fileEncoding = 4; lastKnownFileType = sourcecode.swift; path = DocumentDescriptor.swift; sourceTree = "<group>"; };
		D50219521DCD3A1D00408ADC /* IndexValueType.swift */ = {isa = PBXFileReference; fileEncoding = 4; lastKnownFileType = sourcecode.swift; path = IndexValueType.swift; sourceTree = "<group>"; };
		D5160E681DD78EB5006C8177 /* CoreDataTransaction.swift */ = {isa = PBXFileReference; fileEncoding = 4; lastKnownFileType = sourcecode.swift; path = CoreDataTransaction.swift; sourceTree = "<group>"; };
		D5160E6C1DD792E0006C8177 /* ReadableTransaction.swift */ = {isa = PBXFileReference; fileEncoding = 4; lastKnownFileType = sourcecode.swift; path = ReadableTransaction.swift; sourceTree = "<group>"; };
		D5160E6E1DD7935F006C8177 /* ReadWritableTransaction.swift */ = {isa = PBXFileReference; fileEncoding = 4; lastKnownFileType = sourcecode.swift; path = ReadWritableTransaction.swift; sourceTree = "<group>"; };
		D51711D01DD888B4002B676A /* ExpressionTests.swift */ = {isa = PBXFileReference; fileEncoding = 4; lastKnownFileType = sourcecode.swift; path = ExpressionTests.swift; sourceTree = "<group>"; };
		D51711D21DD8A67E002B676A /* PredicateTests.swift */ = {isa = PBXFileReference; fileEncoding = 4; lastKnownFileType = sourcecode.swift; path = PredicateTests.swift; sourceTree = "<group>"; };
		D51711D41DD8AD23002B676A /* SortDescriptorTests.swift */ = {isa = PBXFileReference; fileEncoding = 4; lastKnownFileType = sourcecode.swift; path = SortDescriptorTests.swift; sourceTree = "<group>"; };
		D51711D71DD8B1C1002B676A /* DocumentStoreTests.swift */ = {isa = PBXFileReference; fileEncoding = 4; lastKnownFileType = sourcecode.swift; path = DocumentStoreTests.swift; sourceTree = "<group>"; };
		D51711D91DD8B55B002B676A /* DocumentStoreErrorTests.swift */ = {isa = PBXFileReference; fileEncoding = 4; lastKnownFileType = sourcecode.swift; path = DocumentStoreErrorTests.swift; sourceTree = "<group>"; };
		D51711DC1DD8F7DB002B676A /* Query+NSFetchRequestTests.swift */ = {isa = PBXFileReference; fileEncoding = 4; lastKnownFileType = sourcecode.swift; path = "Query+NSFetchRequestTests.swift"; sourceTree = "<group>"; };
		D51711E21DD990D7002B676A /* ReadTransactionTests.swift */ = {isa = PBXFileReference; fileEncoding = 4; lastKnownFileType = sourcecode.swift; path = ReadTransactionTests.swift; sourceTree = "<group>"; };
		D51711E41DD9934D002B676A /* ReadWriteTransactionTests.swift */ = {isa = PBXFileReference; fileEncoding = 4; lastKnownFileType = sourcecode.swift; path = ReadWriteTransactionTests.swift; sourceTree = "<group>"; };
		D51711E61DD99BB9002B676A /* CoreDataTransactionTests.swift */ = {isa = PBXFileReference; fileEncoding = 4; lastKnownFileType = sourcecode.swift; path = CoreDataTransactionTests.swift; sourceTree = "<group>"; };
		D51711E91DD99C8B002B676A /* LoggerTests.swift */ = {isa = PBXFileReference; fileEncoding = 4; lastKnownFileType = sourcecode.swift; path = LoggerTests.swift; sourceTree = "<group>"; };
		D54B9CB51DD0EA5600F7DA25 /* NoLogger.swift */ = {isa = PBXFileReference; fileEncoding = 4; lastKnownFileType = sourcecode.swift; path = NoLogger.swift; sourceTree = "<group>"; };
		D54B9CB71DD0EA8700F7DA25 /* LogLevel.swift */ = {isa = PBXFileReference; fileEncoding = 4; lastKnownFileType = sourcecode.swift; path = LogLevel.swift; sourceTree = "<group>"; };
		D54B9CB91DD0EB5100F7DA25 /* ValidatableTests.swift */ = {isa = PBXFileReference; fileEncoding = 4; lastKnownFileType = sourcecode.swift; path = ValidatableTests.swift; sourceTree = "<group>"; };
		D54B9CC01DD1064700F7DA25 /* DocumentDescriptorTests.swift */ = {isa = PBXFileReference; fileEncoding = 4; lastKnownFileType = sourcecode.swift; path = DocumentDescriptorTests.swift; sourceTree = "<group>"; };
		D54B9CC41DD10D6700F7DA25 /* Sequence+DuplicatesTests.swift */ = {isa = PBXFileReference; fileEncoding = 4; lastKnownFileType = sourcecode.swift; path = "Sequence+DuplicatesTests.swift"; sourceTree = "<group>"; };
		D54B9CCB1DD118C500F7DA25 /* MockLogger.swift */ = {isa = PBXFileReference; fileEncoding = 4; lastKnownFileType = sourcecode.swift; path = MockLogger.swift; sourceTree = "<group>"; };
		D54B9CCE1DD1244E00F7DA25 /* IndexTests.swift */ = {isa = PBXFileReference; fileEncoding = 4; lastKnownFileType = sourcecode.swift; path = IndexTests.swift; sourceTree = "<group>"; };
		D54B9CD01DD1264100F7DA25 /* StorableValueTests.swift */ = {isa = PBXFileReference; fileEncoding = 4; lastKnownFileType = sourcecode.swift; path = StorableValueTests.swift; sourceTree = "<group>"; };
		D54B9CD21DD1270000F7DA25 /* StorageTypeTests.swift */ = {isa = PBXFileReference; fileEncoding = 4; lastKnownFileType = sourcecode.swift; path = StorageTypeTests.swift; sourceTree = "<group>"; };
		D565A1201DD74350000FB0C8 /* Query.swift */ = {isa = PBXFileReference; fileEncoding = 4; lastKnownFileType = sourcecode.swift; path = Query.swift; sourceTree = "<group>"; };
		D565A1221DD74593000FB0C8 /* QueryTests.swift */ = {isa = PBXFileReference; fileEncoding = 4; lastKnownFileType = sourcecode.swift; path = QueryTests.swift; sourceTree = "<group>"; };
		D565A12A1DD75B8D000FB0C8 /* ReadTransaction.swift */ = {isa = PBXFileReference; fileEncoding = 4; lastKnownFileType = sourcecode.swift; path = ReadTransaction.swift; sourceTree = "<group>"; };
		D57200021DE1BD8400C5E585 /* Exception.h */ = {isa = PBXFileReference; fileEncoding = 4; lastKnownFileType = sourcecode.c.h; path = Exception.h; sourceTree = "<group>"; };
		D57200031DE1BD8400C5E585 /* Exception.m */ = {isa = PBXFileReference; fileEncoding = 4; lastKnownFileType = sourcecode.c.objc; path = Exception.m; sourceTree = "<group>"; };
		D57200061DE1BDF500C5E585 /* ExceptionHandler.swift */ = {isa = PBXFileReference; fileEncoding = 4; lastKnownFileType = sourcecode.swift; path = ExceptionHandler.swift; sourceTree = "<group>"; };
		D57200081DE1BE4000C5E585 /* module.modulemap */ = {isa = PBXFileReference; fileEncoding = 4; lastKnownFileType = "sourcecode.module-map"; path = module.modulemap; sourceTree = "<group>"; };
		D572000B1DE1C3C700C5E585 /* DocumentStore.private.modulemap */ = {isa = PBXFileReference; fileEncoding = 4; lastKnownFileType = "sourcecode.module-map"; path = DocumentStore.private.modulemap; sourceTree = "<group>"; };
		D572000D1DE2251A00C5E585 /* ExceptionTests.swift */ = {isa = PBXFileReference; fileEncoding = 4; lastKnownFileType = sourcecode.swift; path = ExceptionTests.swift; sourceTree = "<group>"; };
		D572000F1DE2264200C5E585 /* ExceptionHandlerTests.swift */ = {isa = PBXFileReference; fileEncoding = 4; lastKnownFileType = sourcecode.swift; path = ExceptionHandlerTests.swift; sourceTree = "<group>"; };
		D57200111DE4E2DB00C5E585 /* MockTransaction.swift */ = {isa = PBXFileReference; fileEncoding = 4; lastKnownFileType = sourcecode.swift; path = MockTransaction.swift; sourceTree = "<group>"; };
		D57200131DE77ED400C5E585 /* Storable.swift */ = {isa = PBXFileReference; fileEncoding = 4; lastKnownFileType = sourcecode.swift; path = Storable.swift; sourceTree = "<group>"; };
		D57200151DE7825800C5E585 /* LogicalPredicateOperator.swift */ = {isa = PBXFileReference; fileEncoding = 4; lastKnownFileType = sourcecode.swift; path = LogicalPredicateOperator.swift; sourceTree = "<group>"; };
		D57200171DE7826900C5E585 /* ExpressionComparisonOperator.swift */ = {isa = PBXFileReference; fileEncoding = 4; lastKnownFileType = sourcecode.swift; path = ExpressionComparisonOperator.swift; sourceTree = "<group>"; };
		D572001B1DE7871200C5E585 /* StorageInformation.swift */ = {isa = PBXFileReference; fileEncoding = 4; lastKnownFileType = sourcecode.swift; path = StorageInformation.swift; sourceTree = "<group>"; };
		D572001D1DEB469500C5E585 /* MockDocument.swift */ = {isa = PBXFileReference; fileEncoding = 4; lastKnownFileType = sourcecode.swift; path = MockDocument.swift; sourceTree = "<group>"; };
		D5796C9F1DDF8E34007BCFC2 /* NSPersistentContainerFactoryTests.swift */ = {isa = PBXFileReference; fileEncoding = 4; lastKnownFileType = sourcecode.swift; path = NSPersistentContainerFactoryTests.swift; sourceTree = "<group>"; };
		D5796CA21DDF8F28007BCFC2 /* CoreDataTransactionFactoryTests.swift */ = {isa = PBXFileReference; fileEncoding = 4; lastKnownFileType = sourcecode.swift; path = CoreDataTransactionFactoryTests.swift; sourceTree = "<group>"; };
		D59047FA1DCBA44E000F2517 /* DocumentStore.swift */ = {isa = PBXFileReference; fileEncoding = 4; lastKnownFileType = sourcecode.swift; path = DocumentStore.swift; sourceTree = "<group>"; };
		D59047FE1DCBD139000F2517 /* Document.swift */ = {isa = PBXFileReference; fileEncoding = 4; lastKnownFileType = sourcecode.swift; path = Document.swift; sourceTree = "<group>"; };
		D59048001DCBD9F8000F2517 /* Index.swift */ = {isa = PBXFileReference; fileEncoding = 4; lastKnownFileType = sourcecode.swift; path = Index.swift; sourceTree = "<group>"; };
		D5DE293B1DDDB4C000F764A4 /* PersistentContainerFactory.swift */ = {isa = PBXFileReference; fileEncoding = 4; lastKnownFileType = sourcecode.swift; path = PersistentContainerFactory.swift; sourceTree = "<group>"; };
		D5DE293D1DDDB4CA00F764A4 /* NSPersistentContainerFactory.swift */ = {isa = PBXFileReference; fileEncoding = 4; lastKnownFileType = sourcecode.swift; path = NSPersistentContainerFactory.swift; sourceTree = "<group>"; };
		D5F593BA1DC9C6F2005B214D /* DocumentStore.framework */ = {isa = PBXFileReference; explicitFileType = wrapper.framework; includeInIndex = 0; path = DocumentStore.framework; sourceTree = BUILT_PRODUCTS_DIR; };
		D5F593BD1DC9C6F2005B214D /* DocumentStore.h */ = {isa = PBXFileReference; lastKnownFileType = sourcecode.c.h; path = DocumentStore.h; sourceTree = "<group>"; };
		D5F593BE1DC9C6F2005B214D /* Info.plist */ = {isa = PBXFileReference; lastKnownFileType = text.plist.xml; path = Info.plist; sourceTree = "<group>"; };
		D5F593C31DC9C6F2005B214D /* DocumentStoreTests.xctest */ = {isa = PBXFileReference; explicitFileType = wrapper.cfbundle; includeInIndex = 0; path = DocumentStoreTests.xctest; sourceTree = BUILT_PRODUCTS_DIR; };
		D5F593C81DC9C6F2005B214D /* DocumentStoreTestsOld.swift */ = {isa = PBXFileReference; lastKnownFileType = sourcecode.swift; path = DocumentStoreTestsOld.swift; sourceTree = "<group>"; };
		D5F593CA1DC9C6F2005B214D /* Info.plist */ = {isa = PBXFileReference; lastKnownFileType = text.plist.xml; path = Info.plist; sourceTree = "<group>"; };
		D5F790461DDC3ACC005D8A70 /* DocumentDeserializationErrorTests.swift */ = {isa = PBXFileReference; fileEncoding = 4; lastKnownFileType = sourcecode.swift; path = DocumentDeserializationErrorTests.swift; sourceTree = "<group>"; };
		D5F790491DDCC906005D8A70 /* TransactionFactory.swift */ = {isa = PBXFileReference; fileEncoding = 4; lastKnownFileType = sourcecode.swift; path = TransactionFactory.swift; sourceTree = "<group>"; };
		D5F7904B1DDCC916005D8A70 /* CoreDataTransactionFactory.swift */ = {isa = PBXFileReference; fileEncoding = 4; lastKnownFileType = sourcecode.swift; path = CoreDataTransactionFactory.swift; sourceTree = "<group>"; };
		D5F7904D1DDCC979005D8A70 /* DependencyContainer.swift */ = {isa = PBXFileReference; fileEncoding = 4; lastKnownFileType = sourcecode.swift; path = DependencyContainer.swift; sourceTree = "<group>"; };
		D5F7904F1DDCC9F2005D8A70 /* ManagedObjectModelService.swift */ = {isa = PBXFileReference; fileEncoding = 4; lastKnownFileType = sourcecode.swift; path = ManagedObjectModelService.swift; sourceTree = "<group>"; };
		D5F790511DDCCC2B005D8A70 /* ManagedObjectModelServiceTests.swift */ = {isa = PBXFileReference; fileEncoding = 4; lastKnownFileType = sourcecode.swift; path = ManagedObjectModelServiceTests.swift; sourceTree = "<group>"; };
		D5F790531DDCE1ED005D8A70 /* ValidatedDocumentDescriptors.swift */ = {isa = PBXFileReference; fileEncoding = 4; lastKnownFileType = sourcecode.swift; path = ValidatedDocumentDescriptors.swift; sourceTree = "<group>"; };
		D5FCEF2B1DCDCF0A0028364C /* Logger.swift */ = {isa = PBXFileReference; fileEncoding = 4; lastKnownFileType = sourcecode.swift; path = Logger.swift; sourceTree = "<group>"; };
		D5FCEF2F1DCDF9230028364C /* Predicate.swift */ = {isa = PBXFileReference; fileEncoding = 4; lastKnownFileType = sourcecode.swift; path = Predicate.swift; sourceTree = "<group>"; };
		D5FCEF311DCE01B80028364C /* Expression.swift */ = {isa = PBXFileReference; fileEncoding = 4; lastKnownFileType = sourcecode.swift; path = Expression.swift; sourceTree = "<group>"; };
		D5FCEF331DCE18360028364C /* SortDescriptor.swift */ = {isa = PBXFileReference; fileEncoding = 4; lastKnownFileType = sourcecode.swift; path = SortDescriptor.swift; sourceTree = "<group>"; };
		D5FCEF3F1DCFC21A0028364C /* Validatable.swift */ = {isa = PBXFileReference; fileEncoding = 4; lastKnownFileType = sourcecode.swift; path = Validatable.swift; sourceTree = "<group>"; };
		D5FCEF411DCFC7C20028364C /* Sequence+Duplicates.swift */ = {isa = PBXFileReference; fileEncoding = 4; lastKnownFileType = sourcecode.swift; path = "Sequence+Duplicates.swift"; sourceTree = "<group>"; };
		D5FCEF431DD05E4D0028364C /* Constants.swift */ = {isa = PBXFileReference; fileEncoding = 4; lastKnownFileType = sourcecode.swift; path = Constants.swift; sourceTree = "<group>"; };
		D5FCEF451DD062CE0028364C /* ConstantsTests.swift */ = {isa = PBXFileReference; fileEncoding = 4; lastKnownFileType = sourcecode.swift; path = ConstantsTests.swift; sourceTree = "<group>"; };
		D5FCEF471DD064640028364C /* DocumentStoreError.swift */ = {isa = PBXFileReference; fileEncoding = 4; lastKnownFileType = sourcecode.swift; path = DocumentStoreError.swift; sourceTree = "<group>"; };
		D5FCEF4C1DD0650F0028364C /* DocumentDeserializationError.swift */ = {isa = PBXFileReference; fileEncoding = 4; lastKnownFileType = sourcecode.swift; path = DocumentDeserializationError.swift; sourceTree = "<group>"; };
		D5FCEF4F1DD065560028364C /* CommitAction.swift */ = {isa = PBXFileReference; fileEncoding = 4; lastKnownFileType = sourcecode.swift; path = CommitAction.swift; sourceTree = "<group>"; };
		D5FCEF511DD065770028364C /* TransactionError.swift */ = {isa = PBXFileReference; fileEncoding = 4; lastKnownFileType = sourcecode.swift; path = TransactionError.swift; sourceTree = "<group>"; };
		D5FCEF531DD065980028364C /* TransactionResult.swift */ = {isa = PBXFileReference; fileEncoding = 4; lastKnownFileType = sourcecode.swift; path = TransactionResult.swift; sourceTree = "<group>"; };
		D5FCEF551DD065B00028364C /* ReadWriteTransaction.swift */ = {isa = PBXFileReference; fileEncoding = 4; lastKnownFileType = sourcecode.swift; path = ReadWriteTransaction.swift; sourceTree = "<group>"; };
		D5FCEF571DD068020028364C /* Query+NSFetchRequest.swift */ = {isa = PBXFileReference; fileEncoding = 4; lastKnownFileType = sourcecode.swift; path = "Query+NSFetchRequest.swift"; sourceTree = "<group>"; };
		D5FCEF591DD06EFE0028364C /* IndexStorageType.swift */ = {isa = PBXFileReference; fileEncoding = 4; lastKnownFileType = sourcecode.swift; path = IndexStorageType.swift; sourceTree = "<group>"; };
/* End PBXFileReference section */

/* Begin PBXFrameworksBuildPhase section */
		D5F593B61DC9C6F2005B214D /* Frameworks */ = {
			isa = PBXFrameworksBuildPhase;
			buildActionMask = 2147483647;
			files = (
			);
			runOnlyForDeploymentPostprocessing = 0;
		};
		D5F593C01DC9C6F2005B214D /* Frameworks */ = {
			isa = PBXFrameworksBuildPhase;
			buildActionMask = 2147483647;
			files = (
				D5F593C41DC9C6F2005B214D /* DocumentStore.framework in Frameworks */,
			);
			runOnlyForDeploymentPostprocessing = 0;
		};
/* End PBXFrameworksBuildPhase section */

/* Begin PBXGroup section */
		D51711D61DD8B18F002B676A /* Store */ = {
			isa = PBXGroup;
			children = (
				D5796C9E1DDF8E1A007BCFC2 /* Factory */,
				D51711D71DD8B1C1002B676A /* DocumentStoreTests.swift */,
				D51711D91DD8B55B002B676A /* DocumentStoreErrorTests.swift */,
				D5F790511DDCCC2B005D8A70 /* ManagedObjectModelServiceTests.swift */,
			);
			path = Store;
			sourceTree = "<group>";
		};
		D51711DB1DD8F7B9002B676A /* Transaction */ = {
			isa = PBXGroup;
			children = (
				D5796CA11DDF8F0F007BCFC2 /* Factory */,
				D51711DC1DD8F7DB002B676A /* Query+NSFetchRequestTests.swift */,
				D51711E21DD990D7002B676A /* ReadTransactionTests.swift */,
				D51711E41DD9934D002B676A /* ReadWriteTransactionTests.swift */,
				D51711E61DD99BB9002B676A /* CoreDataTransactionTests.swift */,
			);
			path = Transaction;
			sourceTree = "<group>";
		};
		D51711E81DD99C67002B676A /* Logger */ = {
			isa = PBXGroup;
			children = (
				D51711E91DD99C8B002B676A /* LoggerTests.swift */,
			);
			path = Logger;
			sourceTree = "<group>";
		};
		D53424E61DCD3EEB0051917D /* Query */ = {
			isa = PBXGroup;
			children = (
				D565A1201DD74350000FB0C8 /* Query.swift */,
				D57200131DE77ED400C5E585 /* Storable.swift */,
				D5FCEF311DCE01B80028364C /* Expression.swift */,
				D57200151DE7825800C5E585 /* LogicalPredicateOperator.swift */,
				D57200171DE7826900C5E585 /* ExpressionComparisonOperator.swift */,
				D5FCEF2F1DCDF9230028364C /* Predicate.swift */,
				D5FCEF331DCE18360028364C /* SortDescriptor.swift */,
				D572001B1DE7871200C5E585 /* StorageInformation.swift */,
			);
			path = Query;
			sourceTree = "<group>";
		};
		D54B9CB41DD0EA3A00F7DA25 /* Logger */ = {
			isa = PBXGroup;
			children = (
				D5FCEF2B1DCDCF0A0028364C /* Logger.swift */,
				D54B9CB71DD0EA8700F7DA25 /* LogLevel.swift */,
				D54B9CB51DD0EA5600F7DA25 /* NoLogger.swift */,
			);
			path = Logger;
			sourceTree = "<group>";
		};
		D54B9CBB1DD0EDA300F7DA25 /* Document */ = {
			isa = PBXGroup;
			children = (
				D54B9CC01DD1064700F7DA25 /* DocumentDescriptorTests.swift */,
				D5F790461DDC3ACC005D8A70 /* DocumentDeserializationErrorTests.swift */,
			);
			path = Document;
			sourceTree = "<group>";
		};
		D54B9CC31DD10CFE00F7DA25 /* Util */ = {
			isa = PBXGroup;
			children = (
				D572000F1DE2264200C5E585 /* ExceptionHandlerTests.swift */,
				D54B9CC41DD10D6700F7DA25 /* Sequence+DuplicatesTests.swift */,
			);
			path = Util;
			sourceTree = "<group>";
		};
		D54B9CCA1DD118AE00F7DA25 /* Mocks */ = {
			isa = PBXGroup;
			children = (
				D54B9CCB1DD118C500F7DA25 /* MockLogger.swift */,
				D57200111DE4E2DB00C5E585 /* MockTransaction.swift */,
				D572001D1DEB469500C5E585 /* MockDocument.swift */,
			);
			path = Mocks;
			sourceTree = "<group>";
		};
		D54B9CCD1DD1242C00F7DA25 /* Index */ = {
			isa = PBXGroup;
			children = (
				D54B9CCE1DD1244E00F7DA25 /* IndexTests.swift */,
				D54B9CD01DD1264100F7DA25 /* StorableValueTests.swift */,
				D54B9CD21DD1270000F7DA25 /* StorageTypeTests.swift */,
			);
			path = Index;
			sourceTree = "<group>";
		};
		D54B9CD41DD1289D00F7DA25 /* Query */ = {
			isa = PBXGroup;
			children = (
				D565A1221DD74593000FB0C8 /* QueryTests.swift */,
				D51711D01DD888B4002B676A /* ExpressionTests.swift */,
				D51711D21DD8A67E002B676A /* PredicateTests.swift */,
				D51711D41DD8AD23002B676A /* SortDescriptorTests.swift */,
			);
			path = Query;
			sourceTree = "<group>";
		};
		D572000A1DE1C35D00C5E585 /* ObjCExceptionHandler */ = {
			isa = PBXGroup;
			children = (
				D57200081DE1BE4000C5E585 /* module.modulemap */,
				D57200021DE1BD8400C5E585 /* Exception.h */,
				D57200031DE1BD8400C5E585 /* Exception.m */,
			);
			path = ObjCExceptionHandler;
			sourceTree = "<group>";
		};
		D572000C1DE224FF00C5E585 /* ObjCExceptionHandler */ = {
			isa = PBXGroup;
			children = (
				D572000D1DE2251A00C5E585 /* ExceptionTests.swift */,
			);
			path = ObjCExceptionHandler;
			sourceTree = "<group>";
		};
		D5796C9E1DDF8E1A007BCFC2 /* Factory */ = {
			isa = PBXGroup;
			children = (
				D5796C9F1DDF8E34007BCFC2 /* NSPersistentContainerFactoryTests.swift */,
			);
			path = Factory;
			sourceTree = "<group>";
		};
		D5796CA11DDF8F0F007BCFC2 /* Factory */ = {
			isa = PBXGroup;
			children = (
				D5796CA21DDF8F28007BCFC2 /* CoreDataTransactionFactoryTests.swift */,
			);
			path = Factory;
			sourceTree = "<group>";
		};
		D5DE293A1DDDB4AB00F764A4 /* Factory */ = {
			isa = PBXGroup;
			children = (
				D5DE293B1DDDB4C000F764A4 /* PersistentContainerFactory.swift */,
				D5DE293D1DDDB4CA00F764A4 /* NSPersistentContainerFactory.swift */,
			);
			path = Factory;
			sourceTree = "<group>";
		};
		D5F593B01DC9C6F2005B214D = {
			isa = PBXGroup;
			children = (
				D5F593BC1DC9C6F2005B214D /* DocumentStore */,
				D5F593C71DC9C6F2005B214D /* DocumentStoreTests */,
				D5F593BB1DC9C6F2005B214D /* Products */,
			);
			sourceTree = "<group>";
		};
		D5F593BB1DC9C6F2005B214D /* Products */ = {
			isa = PBXGroup;
			children = (
				D5F593BA1DC9C6F2005B214D /* DocumentStore.framework */,
				D5F593C31DC9C6F2005B214D /* DocumentStoreTests.xctest */,
			);
			name = Products;
			sourceTree = "<group>";
		};
		D5F593BC1DC9C6F2005B214D /* DocumentStore */ = {
			isa = PBXGroup;
			children = (
				D5FCEF431DD05E4D0028364C /* Constants.swift */,
				D5FCEF3F1DCFC21A0028364C /* Validatable.swift */,
				D5F7904D1DDCC979005D8A70 /* DependencyContainer.swift */,
				D5FCEF491DD064A40028364C /* Document */,
				D5FCEF4E1DD065240028364C /* Index */,
				D53424E61DCD3EEB0051917D /* Query */,
				D5FCEF4A1DD064AC0028364C /* Store */,
				D5FCEF4B1DD064B90028364C /* Transaction */,
				D54B9CB41DD0EA3A00F7DA25 /* Logger */,
				D5FCEF351DCF4E290028364C /* Util */,
				D572000A1DE1C35D00C5E585 /* ObjCExceptionHandler */,
				D5F593BD1DC9C6F2005B214D /* DocumentStore.h */,
				D572000B1DE1C3C700C5E585 /* DocumentStore.private.modulemap */,
				D5F593BE1DC9C6F2005B214D /* Info.plist */,
			);
			path = DocumentStore;
			sourceTree = "<group>";
		};
		D5F593C71DC9C6F2005B214D /* DocumentStoreTests */ = {
			isa = PBXGroup;
			children = (
				D5FCEF451DD062CE0028364C /* ConstantsTests.swift */,
				D54B9CB91DD0EB5100F7DA25 /* ValidatableTests.swift */,
				D54B9CBB1DD0EDA300F7DA25 /* Document */,
				D54B9CCD1DD1242C00F7DA25 /* Index */,
				D54B9CD41DD1289D00F7DA25 /* Query */,
				D51711D61DD8B18F002B676A /* Store */,
				D51711DB1DD8F7B9002B676A /* Transaction */,
				D51711E81DD99C67002B676A /* Logger */,
				D54B9CC31DD10CFE00F7DA25 /* Util */,
				D572000C1DE224FF00C5E585 /* ObjCExceptionHandler */,
				D5F593C81DC9C6F2005B214D /* DocumentStoreTestsOld.swift */,
				D54B9CCA1DD118AE00F7DA25 /* Mocks */,
				D5F593CA1DC9C6F2005B214D /* Info.plist */,
			);
			path = DocumentStoreTests;
			sourceTree = "<group>";
		};
		D5F790481DDCC8EB005D8A70 /* Factory */ = {
			isa = PBXGroup;
			children = (
				D5F790491DDCC906005D8A70 /* TransactionFactory.swift */,
				D5F7904B1DDCC916005D8A70 /* CoreDataTransactionFactory.swift */,
			);
			path = Factory;
			sourceTree = "<group>";
		};
		D5FCEF351DCF4E290028364C /* Util */ = {
			isa = PBXGroup;
			children = (
				D57200061DE1BDF500C5E585 /* ExceptionHandler.swift */,
				D5FCEF411DCFC7C20028364C /* Sequence+Duplicates.swift */,
			);
			path = Util;
			sourceTree = "<group>";
		};
		D5FCEF491DD064A40028364C /* Document */ = {
			isa = PBXGroup;
			children = (
				D59047FE1DCBD139000F2517 /* Document.swift */,
				D50219501DCD39FA00408ADC /* DocumentDescriptor.swift */,
				D5FCEF4C1DD0650F0028364C /* DocumentDeserializationError.swift */,
				D5F790531DDCE1ED005D8A70 /* ValidatedDocumentDescriptors.swift */,
			);
			path = Document;
			sourceTree = "<group>";
		};
		D5FCEF4A1DD064AC0028364C /* Store */ = {
			isa = PBXGroup;
			children = (
				D5DE293A1DDDB4AB00F764A4 /* Factory */,
				D5FCEF4F1DD065560028364C /* CommitAction.swift */,
				D59047FA1DCBA44E000F2517 /* DocumentStore.swift */,
				D5FCEF471DD064640028364C /* DocumentStoreError.swift */,
				D5F7904F1DDCC9F2005D8A70 /* ManagedObjectModelService.swift */,
			);
			path = Store;
			sourceTree = "<group>";
		};
		D5FCEF4B1DD064B90028364C /* Transaction */ = {
			isa = PBXGroup;
			children = (
				D5F790481DDCC8EB005D8A70 /* Factory */,
				D5FCEF571DD068020028364C /* Query+NSFetchRequest.swift */,
				D5160E6C1DD792E0006C8177 /* ReadableTransaction.swift */,
				D5160E6E1DD7935F006C8177 /* ReadWritableTransaction.swift */,
				D565A12A1DD75B8D000FB0C8 /* ReadTransaction.swift */,
				D5FCEF551DD065B00028364C /* ReadWriteTransaction.swift */,
				D5160E681DD78EB5006C8177 /* CoreDataTransaction.swift */,
				D5FCEF531DD065980028364C /* TransactionResult.swift */,
				D5FCEF511DD065770028364C /* TransactionError.swift */,
			);
			path = Transaction;
			sourceTree = "<group>";
		};
		D5FCEF4E1DD065240028364C /* Index */ = {
			isa = PBXGroup;
			children = (
				D59048001DCBD9F8000F2517 /* Index.swift */,
				D50219521DCD3A1D00408ADC /* IndexValueType.swift */,
				D5FCEF591DD06EFE0028364C /* IndexStorageType.swift */,
			);
			path = Index;
			sourceTree = "<group>";
		};
/* End PBXGroup section */

/* Begin PBXHeadersBuildPhase section */
		D5F593B71DC9C6F2005B214D /* Headers */ = {
			isa = PBXHeadersBuildPhase;
			buildActionMask = 2147483647;
			files = (
				D57200041DE1BD8400C5E585 /* Exception.h in Headers */,
				D5F593CB1DC9C6F2005B214D /* DocumentStore.h in Headers */,
			);
			runOnlyForDeploymentPostprocessing = 0;
		};
/* End PBXHeadersBuildPhase section */

/* Begin PBXNativeTarget section */
		D5F593B91DC9C6F2005B214D /* DocumentStore */ = {
			isa = PBXNativeTarget;
			buildConfigurationList = D5F593CE1DC9C6F2005B214D /* Build configuration list for PBXNativeTarget "DocumentStore" */;
			buildPhases = (
				D5FCEF3E1DCFBAF70028364C /* SwiftLint */,
				D5F593B51DC9C6F2005B214D /* Sources */,
				D5F593B61DC9C6F2005B214D /* Frameworks */,
				D5F593B71DC9C6F2005B214D /* Headers */,
				D5F593B81DC9C6F2005B214D /* Resources */,
			);
			buildRules = (
			);
			dependencies = (
			);
			name = DocumentStore;
			productName = DocumentStore;
			productReference = D5F593BA1DC9C6F2005B214D /* DocumentStore.framework */;
			productType = "com.apple.product-type.framework";
		};
		D5F593C21DC9C6F2005B214D /* DocumentStoreTests */ = {
			isa = PBXNativeTarget;
			buildConfigurationList = D5F593D11DC9C6F2005B214D /* Build configuration list for PBXNativeTarget "DocumentStoreTests" */;
			buildPhases = (
				D5F593BF1DC9C6F2005B214D /* Sources */,
				D5F593C01DC9C6F2005B214D /* Frameworks */,
				D5F593C11DC9C6F2005B214D /* Resources */,
			);
			buildRules = (
			);
			dependencies = (
				D5F593C61DC9C6F2005B214D /* PBXTargetDependency */,
			);
			name = DocumentStoreTests;
			productName = DocumentStoreTests;
			productReference = D5F593C31DC9C6F2005B214D /* DocumentStoreTests.xctest */;
			productType = "com.apple.product-type.bundle.unit-test";
		};
/* End PBXNativeTarget section */

/* Begin PBXProject section */
		D5F593B11DC9C6F2005B214D /* Project object */ = {
			isa = PBXProject;
			attributes = {
				LastSwiftUpdateCheck = 0810;
				LastUpgradeCheck = 0810;
				ORGANIZATIONNAME = "Mathijs Kadijk";
				TargetAttributes = {
					D5F593B91DC9C6F2005B214D = {
						CreatedOnToolsVersion = 8.1;
						DevelopmentTeam = 5Z49PA849J;
						LastSwiftMigration = 0810;
						ProvisioningStyle = Automatic;
					};
					D5F593C21DC9C6F2005B214D = {
						CreatedOnToolsVersion = 8.1;
						DevelopmentTeam = 5Z49PA849J;
						ProvisioningStyle = Automatic;
					};
				};
			};
			buildConfigurationList = D5F593B41DC9C6F2005B214D /* Build configuration list for PBXProject "DocumentStore" */;
			compatibilityVersion = "Xcode 3.2";
			developmentRegion = English;
			hasScannedForEncodings = 0;
			knownRegions = (
				en,
			);
			mainGroup = D5F593B01DC9C6F2005B214D;
			productRefGroup = D5F593BB1DC9C6F2005B214D /* Products */;
			projectDirPath = "";
			projectRoot = "";
			targets = (
				D5F593B91DC9C6F2005B214D /* DocumentStore */,
				D5F593C21DC9C6F2005B214D /* DocumentStoreTests */,
			);
		};
/* End PBXProject section */

/* Begin PBXResourcesBuildPhase section */
		D5F593B81DC9C6F2005B214D /* Resources */ = {
			isa = PBXResourcesBuildPhase;
			buildActionMask = 2147483647;
			files = (
			);
			runOnlyForDeploymentPostprocessing = 0;
		};
		D5F593C11DC9C6F2005B214D /* Resources */ = {
			isa = PBXResourcesBuildPhase;
			buildActionMask = 2147483647;
			files = (
			);
			runOnlyForDeploymentPostprocessing = 0;
		};
/* End PBXResourcesBuildPhase section */

/* Begin PBXShellScriptBuildPhase section */
		D5FCEF3E1DCFBAF70028364C /* SwiftLint */ = {
			isa = PBXShellScriptBuildPhase;
			buildActionMask = 2147483647;
			files = (
			);
			inputPaths = (
			);
			name = SwiftLint;
			outputPaths = (
			);
			runOnlyForDeploymentPostprocessing = 0;
			shellPath = /bin/sh;
			shellScript = "if which swiftlint >/dev/null; then\n  swiftlint\nelse\n  echo \"warning: SwiftLint not installed, download from https://github.com/realm/SwiftLint\"\nfi";
		};
/* End PBXShellScriptBuildPhase section */

/* Begin PBXSourcesBuildPhase section */
		D5F593B51DC9C6F2005B214D /* Sources */ = {
			isa = PBXSourcesBuildPhase;
			buildActionMask = 2147483647;
			files = (
				D5FCEF5A1DD06EFE0028364C /* IndexStorageType.swift in Sources */,
				D57200161DE7825800C5E585 /* LogicalPredicateOperator.swift in Sources */,
				D5FCEF4D1DD0650F0028364C /* DocumentDeserializationError.swift in Sources */,
				D5FCEF341DCE18360028364C /* SortDescriptor.swift in Sources */,
				D59047FB1DCBA44E000F2517 /* DocumentStore.swift in Sources */,
				D57200181DE7826900C5E585 /* ExpressionComparisonOperator.swift in Sources */,
				D5FCEF541DD065980028364C /* TransactionResult.swift in Sources */,
				D54B9CB61DD0EA5600F7DA25 /* NoLogger.swift in Sources */,
				D5FCEF561DD065B00028364C /* ReadWriteTransaction.swift in Sources */,
				D5160E691DD78EB5006C8177 /* CoreDataTransaction.swift in Sources */,
				D5FCEF421DCFC7C20028364C /* Sequence+Duplicates.swift in Sources */,
				D5160E6F1DD7935F006C8177 /* ReadWritableTransaction.swift in Sources */,
				D50219511DCD39FA00408ADC /* DocumentDescriptor.swift in Sources */,
				D5FCEF441DD05E4D0028364C /* Constants.swift in Sources */,
				D5FCEF401DCFC21A0028364C /* Validatable.swift in Sources */,
				D5F7904A1DDCC906005D8A70 /* TransactionFactory.swift in Sources */,
				D57200071DE1BDF500C5E585 /* ExceptionHandler.swift in Sources */,
				D5F790541DDCE1ED005D8A70 /* ValidatedDocumentDescriptors.swift in Sources */,
				D5F7904E1DDCC979005D8A70 /* DependencyContainer.swift in Sources */,
				D59048011DCBD9F8000F2517 /* Index.swift in Sources */,
				D5FCEF481DD064640028364C /* DocumentStoreError.swift in Sources */,
				D59047FF1DCBD139000F2517 /* Document.swift in Sources */,
				D5FCEF581DD068020028364C /* Query+NSFetchRequest.swift in Sources */,
				D5DE293C1DDDB4C000F764A4 /* PersistentContainerFactory.swift in Sources */,
				D565A1211DD74350000FB0C8 /* Query.swift in Sources */,
				D54B9CB81DD0EA8700F7DA25 /* LogLevel.swift in Sources */,
				D57200141DE77ED400C5E585 /* Storable.swift in Sources */,
				D5FCEF521DD065770028364C /* TransactionError.swift in Sources */,
				D572001C1DE7871200C5E585 /* StorageInformation.swift in Sources */,
				D50219531DCD3A1D00408ADC /* IndexValueType.swift in Sources */,
				D57200051DE1BD8400C5E585 /* Exception.m in Sources */,
				D5F7904C1DDCC916005D8A70 /* CoreDataTransactionFactory.swift in Sources */,
				D5FCEF501DD065560028364C /* CommitAction.swift in Sources */,
				D5FCEF301DCDF9230028364C /* Predicate.swift in Sources */,
				D5DE293E1DDDB4CA00F764A4 /* NSPersistentContainerFactory.swift in Sources */,
				D565A12B1DD75B8D000FB0C8 /* ReadTransaction.swift in Sources */,
				D5160E6D1DD792E0006C8177 /* ReadableTransaction.swift in Sources */,
				D5F790501DDCC9F2005D8A70 /* ManagedObjectModelService.swift in Sources */,
				D5FCEF2C1DCDCF0A0028364C /* Logger.swift in Sources */,
				D5FCEF321DCE01B80028364C /* Expression.swift in Sources */,
			);
			runOnlyForDeploymentPostprocessing = 0;
		};
		D5F593BF1DC9C6F2005B214D /* Sources */ = {
			isa = PBXSourcesBuildPhase;
			buildActionMask = 2147483647;
			files = (
				D57200101DE2264200C5E585 /* ExceptionHandlerTests.swift in Sources */,
				D54B9CC51DD10D6700F7DA25 /* Sequence+DuplicatesTests.swift in Sources */,
				D51711E71DD99BB9002B676A /* CoreDataTransactionTests.swift in Sources */,
				D51711D31DD8A67E002B676A /* PredicateTests.swift in Sources */,
				D54B9CBA1DD0EB5100F7DA25 /* ValidatableTests.swift in Sources */,
				D572000E1DE2251A00C5E585 /* ExceptionTests.swift in Sources */,
				D51711E31DD990D7002B676A /* ReadTransactionTests.swift in Sources */,
				D51711EA1DD99C8B002B676A /* LoggerTests.swift in Sources */,
				D5F790521DDCCC2B005D8A70 /* ManagedObjectModelServiceTests.swift in Sources */,
				D51711E51DD9934D002B676A /* ReadWriteTransactionTests.swift in Sources */,
				D572001E1DEB469500C5E585 /* MockDocument.swift in Sources */,
				D54B9CC11DD1064700F7DA25 /* DocumentDescriptorTests.swift in Sources */,
				D51711D11DD888B4002B676A /* ExpressionTests.swift in Sources */,
				D54B9CD31DD1270000F7DA25 /* StorageTypeTests.swift in Sources */,
				D5796CA01DDF8E34007BCFC2 /* NSPersistentContainerFactoryTests.swift in Sources */,
				D54B9CCC1DD118C500F7DA25 /* MockLogger.swift in Sources */,
				D51711DD1DD8F7DB002B676A /* Query+NSFetchRequestTests.swift in Sources */,
				D51711DA1DD8B55B002B676A /* DocumentStoreErrorTests.swift in Sources */,
				D51711D81DD8B1C1002B676A /* DocumentStoreTests.swift in Sources */,
				D51711D51DD8AD23002B676A /* SortDescriptorTests.swift in Sources */,
				D54B9CD11DD1264100F7DA25 /* StorableValueTests.swift in Sources */,
				D5F593C91DC9C6F2005B214D /* DocumentStoreTestsOld.swift in Sources */,
				D54B9CCF1DD1244E00F7DA25 /* IndexTests.swift in Sources */,
				D5FCEF461DD062CE0028364C /* ConstantsTests.swift in Sources */,
				D5F790471DDC3ACC005D8A70 /* DocumentDeserializationErrorTests.swift in Sources */,
				D565A1231DD74593000FB0C8 /* QueryTests.swift in Sources */,
				D57200121DE4E2DB00C5E585 /* MockTransaction.swift in Sources */,
				D5796CA31DDF8F28007BCFC2 /* CoreDataTransactionFactoryTests.swift in Sources */,
			);
			runOnlyForDeploymentPostprocessing = 0;
		};
/* End PBXSourcesBuildPhase section */

/* Begin PBXTargetDependency section */
		D5F593C61DC9C6F2005B214D /* PBXTargetDependency */ = {
			isa = PBXTargetDependency;
			target = D5F593B91DC9C6F2005B214D /* DocumentStore */;
			targetProxy = D5F593C51DC9C6F2005B214D /* PBXContainerItemProxy */;
		};
/* End PBXTargetDependency section */

/* Begin XCBuildConfiguration section */
		D5F593CC1DC9C6F2005B214D /* Debug */ = {
			isa = XCBuildConfiguration;
			buildSettings = {
				ALWAYS_SEARCH_USER_PATHS = NO;
				CLANG_ANALYZER_NONNULL = YES;
				CLANG_CXX_LANGUAGE_STANDARD = "gnu++0x";
				CLANG_CXX_LIBRARY = "libc++";
				CLANG_ENABLE_MODULES = YES;
				CLANG_ENABLE_OBJC_ARC = YES;
				CLANG_WARN_BOOL_CONVERSION = YES;
				CLANG_WARN_CONSTANT_CONVERSION = YES;
				CLANG_WARN_DIRECT_OBJC_ISA_USAGE = YES_ERROR;
				CLANG_WARN_DOCUMENTATION_COMMENTS = YES;
				CLANG_WARN_EMPTY_BODY = YES;
				CLANG_WARN_ENUM_CONVERSION = YES;
				CLANG_WARN_INFINITE_RECURSION = YES;
				CLANG_WARN_INT_CONVERSION = YES;
				CLANG_WARN_OBJC_ROOT_CLASS = YES_ERROR;
				CLANG_WARN_SUSPICIOUS_MOVES = YES;
				CLANG_WARN_UNREACHABLE_CODE = YES;
				CLANG_WARN__DUPLICATE_METHOD_MATCH = YES;
				"CODE_SIGN_IDENTITY[sdk=iphoneos*]" = "iPhone Developer";
				COPY_PHASE_STRIP = NO;
				CURRENT_PROJECT_VERSION = 1;
				DEBUG_INFORMATION_FORMAT = dwarf;
				ENABLE_STRICT_OBJC_MSGSEND = YES;
				ENABLE_TESTABILITY = YES;
				GCC_C_LANGUAGE_STANDARD = gnu99;
				GCC_DYNAMIC_NO_PIC = NO;
				GCC_NO_COMMON_BLOCKS = YES;
				GCC_OPTIMIZATION_LEVEL = 0;
				GCC_PREPROCESSOR_DEFINITIONS = (
					"DEBUG=1",
					"$(inherited)",
				);
				GCC_WARN_64_TO_32_BIT_CONVERSION = YES;
				GCC_WARN_ABOUT_RETURN_TYPE = YES_ERROR;
				GCC_WARN_UNDECLARED_SELECTOR = YES;
				GCC_WARN_UNINITIALIZED_AUTOS = YES_AGGRESSIVE;
				GCC_WARN_UNUSED_FUNCTION = YES;
				GCC_WARN_UNUSED_VARIABLE = YES;
				IPHONEOS_DEPLOYMENT_TARGET = 10.0;
				MTL_ENABLE_DEBUG_INFO = YES;
				ONLY_ACTIVE_ARCH = YES;
				SDKROOT = iphoneos;
				SWIFT_ACTIVE_COMPILATION_CONDITIONS = DEBUG;
				SWIFT_OPTIMIZATION_LEVEL = "-Onone";
				TARGETED_DEVICE_FAMILY = "1,2";
				VERSIONING_SYSTEM = "apple-generic";
				VERSION_INFO_PREFIX = "";
			};
			name = Debug;
		};
		D5F593CD1DC9C6F2005B214D /* Release */ = {
			isa = XCBuildConfiguration;
			buildSettings = {
				ALWAYS_SEARCH_USER_PATHS = NO;
				CLANG_ANALYZER_NONNULL = YES;
				CLANG_CXX_LANGUAGE_STANDARD = "gnu++0x";
				CLANG_CXX_LIBRARY = "libc++";
				CLANG_ENABLE_MODULES = YES;
				CLANG_ENABLE_OBJC_ARC = YES;
				CLANG_WARN_BOOL_CONVERSION = YES;
				CLANG_WARN_CONSTANT_CONVERSION = YES;
				CLANG_WARN_DIRECT_OBJC_ISA_USAGE = YES_ERROR;
				CLANG_WARN_DOCUMENTATION_COMMENTS = YES;
				CLANG_WARN_EMPTY_BODY = YES;
				CLANG_WARN_ENUM_CONVERSION = YES;
				CLANG_WARN_INFINITE_RECURSION = YES;
				CLANG_WARN_INT_CONVERSION = YES;
				CLANG_WARN_OBJC_ROOT_CLASS = YES_ERROR;
				CLANG_WARN_SUSPICIOUS_MOVES = YES;
				CLANG_WARN_UNREACHABLE_CODE = YES;
				CLANG_WARN__DUPLICATE_METHOD_MATCH = YES;
				"CODE_SIGN_IDENTITY[sdk=iphoneos*]" = "iPhone Developer";
				COPY_PHASE_STRIP = NO;
				CURRENT_PROJECT_VERSION = 1;
				DEBUG_INFORMATION_FORMAT = "dwarf-with-dsym";
				ENABLE_NS_ASSERTIONS = NO;
				ENABLE_STRICT_OBJC_MSGSEND = YES;
				GCC_C_LANGUAGE_STANDARD = gnu99;
				GCC_NO_COMMON_BLOCKS = YES;
				GCC_WARN_64_TO_32_BIT_CONVERSION = YES;
				GCC_WARN_ABOUT_RETURN_TYPE = YES_ERROR;
				GCC_WARN_UNDECLARED_SELECTOR = YES;
				GCC_WARN_UNINITIALIZED_AUTOS = YES_AGGRESSIVE;
				GCC_WARN_UNUSED_FUNCTION = YES;
				GCC_WARN_UNUSED_VARIABLE = YES;
				IPHONEOS_DEPLOYMENT_TARGET = 10.0;
				MTL_ENABLE_DEBUG_INFO = NO;
				SDKROOT = iphoneos;
				SWIFT_OPTIMIZATION_LEVEL = "-Owholemodule";
				TARGETED_DEVICE_FAMILY = "1,2";
				VALIDATE_PRODUCT = YES;
				VERSIONING_SYSTEM = "apple-generic";
				VERSION_INFO_PREFIX = "";
			};
			name = Release;
		};
		D5F593CF1DC9C6F2005B214D /* Debug */ = {
			isa = XCBuildConfiguration;
			buildSettings = {
				APPLICATION_EXTENSION_API_ONLY = YES;
				CLANG_ENABLE_MODULES = YES;
				CODE_SIGN_IDENTITY = "";
				DEFINES_MODULE = YES;
				DEVELOPMENT_TEAM = 5Z49PA849J;
				DYLIB_COMPATIBILITY_VERSION = 1;
				DYLIB_CURRENT_VERSION = 1;
				DYLIB_INSTALL_NAME_BASE = "@rpath";
				INFOPLIST_FILE = DocumentStore/Info.plist;
				INSTALL_PATH = "$(LOCAL_LIBRARY_DIR)/Frameworks";
				LD_RUNPATH_SEARCH_PATHS = "$(inherited) @executable_path/Frameworks @loader_path/Frameworks";
				MODULEMAP_PRIVATE_FILE = "$(SRCROOT)/DocumentStore/DocumentStore.private.modulemap";
				PRODUCT_BUNDLE_IDENTIFIER = nl.mathijskadijk.DocumentStore;
				PRODUCT_NAME = "$(TARGET_NAME)";
				SKIP_INSTALL = YES;
				SWIFT_INCLUDE_PATHS = "$(SRCROOT)/DocumentStore";
				SWIFT_OPTIMIZATION_LEVEL = "-Onone";
				SWIFT_VERSION = 3.0;
			};
			name = Debug;
		};
		D5F593D01DC9C6F2005B214D /* Release */ = {
			isa = XCBuildConfiguration;
			buildSettings = {
				APPLICATION_EXTENSION_API_ONLY = YES;
				CLANG_ENABLE_MODULES = YES;
				CODE_SIGN_IDENTITY = "";
				DEFINES_MODULE = YES;
				DEVELOPMENT_TEAM = 5Z49PA849J;
				DYLIB_COMPATIBILITY_VERSION = 1;
				DYLIB_CURRENT_VERSION = 1;
				DYLIB_INSTALL_NAME_BASE = "@rpath";
				INFOPLIST_FILE = DocumentStore/Info.plist;
				INSTALL_PATH = "$(LOCAL_LIBRARY_DIR)/Frameworks";
				LD_RUNPATH_SEARCH_PATHS = "$(inherited) @executable_path/Frameworks @loader_path/Frameworks";
				MODULEMAP_PRIVATE_FILE = "$(SRCROOT)/DocumentStore/DocumentStore.private.modulemap";
				PRODUCT_BUNDLE_IDENTIFIER = nl.mathijskadijk.DocumentStore;
				PRODUCT_NAME = "$(TARGET_NAME)";
				SKIP_INSTALL = YES;
				SWIFT_INCLUDE_PATHS = "$(SRCROOT)/DocumentStore";
				SWIFT_VERSION = 3.0;
			};
			name = Release;
		};
		D5F593D21DC9C6F2005B214D /* Debug */ = {
			isa = XCBuildConfiguration;
			buildSettings = {
				ALWAYS_EMBED_SWIFT_STANDARD_LIBRARIES = YES;
				DEVELOPMENT_TEAM = 5Z49PA849J;
				INFOPLIST_FILE = DocumentStoreTests/Info.plist;
				LD_RUNPATH_SEARCH_PATHS = "$(inherited) @executable_path/Frameworks @loader_path/Frameworks";
				PRODUCT_BUNDLE_IDENTIFIER = nl.mathijskadijk.DocumentStoreTests;
				PRODUCT_NAME = "$(TARGET_NAME)";
				SWIFT_VERSION = 3.0;
			};
			name = Debug;
		};
		D5F593D31DC9C6F2005B214D /* Release */ = {
			isa = XCBuildConfiguration;
			buildSettings = {
				ALWAYS_EMBED_SWIFT_STANDARD_LIBRARIES = YES;
				DEVELOPMENT_TEAM = 5Z49PA849J;
				INFOPLIST_FILE = DocumentStoreTests/Info.plist;
				LD_RUNPATH_SEARCH_PATHS = "$(inherited) @executable_path/Frameworks @loader_path/Frameworks";
				PRODUCT_BUNDLE_IDENTIFIER = nl.mathijskadijk.DocumentStoreTests;
				PRODUCT_NAME = "$(TARGET_NAME)";
				SWIFT_VERSION = 3.0;
			};
			name = Release;
		};
/* End XCBuildConfiguration section */

/* Begin XCConfigurationList section */
		D5F593B41DC9C6F2005B214D /* Build configuration list for PBXProject "DocumentStore" */ = {
			isa = XCConfigurationList;
			buildConfigurations = (
				D5F593CC1DC9C6F2005B214D /* Debug */,
				D5F593CD1DC9C6F2005B214D /* Release */,
			);
			defaultConfigurationIsVisible = 0;
			defaultConfigurationName = Release;
		};
		D5F593CE1DC9C6F2005B214D /* Build configuration list for PBXNativeTarget "DocumentStore" */ = {
			isa = XCConfigurationList;
			buildConfigurations = (
				D5F593CF1DC9C6F2005B214D /* Debug */,
				D5F593D01DC9C6F2005B214D /* Release */,
			);
			defaultConfigurationIsVisible = 0;
			defaultConfigurationName = Release;
		};
		D5F593D11DC9C6F2005B214D /* Build configuration list for PBXNativeTarget "DocumentStoreTests" */ = {
			isa = XCConfigurationList;
			buildConfigurations = (
				D5F593D21DC9C6F2005B214D /* Debug */,
				D5F593D31DC9C6F2005B214D /* Release */,
			);
			defaultConfigurationIsVisible = 0;
			defaultConfigurationName = Release;
		};
/* End XCConfigurationList section */
	};
	rootObject = D5F593B11DC9C6F2005B214D /* Project object */;
}
